{
  "name": "clase17.pruebacalc",
  "version": "1.0.0",
  "lockfileVersion": 3,
  "requires": true,
  "packages": {
    "": {
      "name": "clase17.pruebacalc",
      "version": "1.0.0",
      "license": "ISC",
      "dependencies": {
        "coder32255calc": "^0.1.0"
      }
    },
    "node_modules/coder32255calc": {
      "version": "0.1.0",
      "resolved": "https://registry.npmjs.org/coder32255calc/-/coder32255calc-0.1.0.tgz",
      "integrity": "sha512-X8VkdZI2uuPRvQv4W/4e/ZKT7sRnhZFS/XbVOkgn8EjNnam0nTTGl2cBijU7SUOGsSoG3Ei58j9jm/z9F80q+Q=="
    }
  }
}
